// !$*UTF8*$!
{
	archiveVersion = 1;
	classes = {
	};
	objectVersion = 50;
	objects = {

/* Begin PBXBuildFile section */
		2B4742182105661D00F99953 /* Button 3D Unpressed.jpg in Resources */ = {isa = PBXBuildFile; fileRef = 2B4742172105661D00F99953 /* Button 3D Unpressed.jpg */; };
		2B47421A2105662200F99953 /* Button 3D Pressed.jpg in Resources */ = {isa = PBXBuildFile; fileRef = 2B4742192105662200F99953 /* Button 3D Pressed.jpg */; };
		2B52A86C21165E0000104FBD /* Button 2D Unpressed 2.png in Resources */ = {isa = PBXBuildFile; fileRef = 2B52A86B21165DFF00104FBD /* Button 2D Unpressed 2.png */; };
		2B52A8702116603F00104FBD /* Button 3D Unpressed 2.jpg in Resources */ = {isa = PBXBuildFile; fileRef = 2B52A86F2116603F00104FBD /* Button 3D Unpressed 2.jpg */; };
		2B57D1022123D47300891436 /* stupid.mp3 in Resources */ = {isa = PBXBuildFile; fileRef = 2B57D1012123D47300891436 /* stupid.mp3 */; };
		2BC90DF720F2DF2B00D97E70 /* PressMeButton.swift in Sources */ = {isa = PBXBuildFile; fileRef = 2BC90DF620F2DF2B00D97E70 /* PressMeButton.swift */; };
		2BC90DF920F2E79400D97E70 /* SwitchDimButton.swift in Sources */ = {isa = PBXBuildFile; fileRef = 2BC90DF820F2E79400D97E70 /* SwitchDimButton.swift */; };
		2BFAA7E920E846A30001CD32 /* AppDelegate.swift in Sources */ = {isa = PBXBuildFile; fileRef = 2BFAA7E820E846A30001CD32 /* AppDelegate.swift */; };
		2BFAA7EB20E846A30001CD32 /* ViewController.swift in Sources */ = {isa = PBXBuildFile; fileRef = 2BFAA7EA20E846A30001CD32 /* ViewController.swift */; };
		2BFAA7EE20E846A30001CD32 /* Main.storyboard in Resources */ = {isa = PBXBuildFile; fileRef = 2BFAA7EC20E846A30001CD32 /* Main.storyboard */; };
		2BFAA7F020E846A40001CD32 /* Assets.xcassets in Resources */ = {isa = PBXBuildFile; fileRef = 2BFAA7EF20E846A40001CD32 /* Assets.xcassets */; };
		2BFAA7F320E846A40001CD32 /* LaunchScreen.storyboard in Resources */ = {isa = PBXBuildFile; fileRef = 2BFAA7F120E846A40001CD32 /* LaunchScreen.storyboard */; };
		2BFAA7FE20E846A40001CD32 /* You_re_Really_Stupid_AppUITests.swift in Sources */ = {isa = PBXBuildFile; fileRef = 2BFAA7FD20E846A40001CD32 /* You_re_Really_Stupid_AppUITests.swift */; };
		F25346B9212B933000E9CDA7 /* Disclaimer_ViewController.swift in Sources */ = {isa = PBXBuildFile; fileRef = F25346B8212B933000E9CDA7 /* Disclaimer_ViewController.swift */; };
		F25346BB212B949500E9CDA7 /* About_Us_Viewcontroller.swift in Sources */ = {isa = PBXBuildFile; fileRef = F25346BA212B949500E9CDA7 /* About_Us_Viewcontroller.swift */; };
		F25346BD212B94EE00E9CDA7 /* Options_ViewController.swift in Sources */ = {isa = PBXBuildFile; fileRef = F25346BC212B94EE00E9CDA7 /* Options_ViewController.swift */; };
/* End PBXBuildFile section */

/* Begin PBXContainerItemProxy section */
		2BFAA7FA20E846A40001CD32 /* PBXContainerItemProxy */ = {
			isa = PBXContainerItemProxy;
			containerPortal = 2BFAA7DD20E846A30001CD32 /* Project object */;
			proxyType = 1;
			remoteGlobalIDString = 2BFAA7E420E846A30001CD32;
			remoteInfo = "You're Really Stupid App";
		};
/* End PBXContainerItemProxy section */

/* Begin PBXFileReference section */
		2B4742172105661D00F99953 /* Button 3D Unpressed.jpg */ = {isa = PBXFileReference; lastKnownFileType = image.jpeg; path = "Button 3D Unpressed.jpg"; sourceTree = "<group>"; };
		2B4742192105662200F99953 /* Button 3D Pressed.jpg */ = {isa = PBXFileReference; lastKnownFileType = image.jpeg; path = "Button 3D Pressed.jpg"; sourceTree = "<group>"; };
		2B52A86B21165DFF00104FBD /* Button 2D Unpressed 2.png */ = {isa = PBXFileReference; lastKnownFileType = image.png; path = "Button 2D Unpressed 2.png"; sourceTree = "<group>"; };
		2B52A86F2116603F00104FBD /* Button 3D Unpressed 2.jpg */ = {isa = PBXFileReference; lastKnownFileType = image.jpeg; path = "Button 3D Unpressed 2.jpg"; sourceTree = "<group>"; };
		2B57D1012123D47300891436 /* stupid.mp3 */ = {isa = PBXFileReference; lastKnownFileType = audio.mp3; path = stupid.mp3; sourceTree = "<group>"; };
		2BC90DF620F2DF2B00D97E70 /* PressMeButton.swift */ = {isa = PBXFileReference; lastKnownFileType = sourcecode.swift; path = PressMeButton.swift; sourceTree = "<group>"; };
		2BC90DF820F2E79400D97E70 /* SwitchDimButton.swift */ = {isa = PBXFileReference; lastKnownFileType = sourcecode.swift; path = SwitchDimButton.swift; sourceTree = "<group>"; };
		2BFAA7E520E846A30001CD32 /* You're Really Stupid App.app */ = {isa = PBXFileReference; explicitFileType = wrapper.application; includeInIndex = 0; path = "You're Really Stupid App.app"; sourceTree = BUILT_PRODUCTS_DIR; };
		2BFAA7E820E846A30001CD32 /* AppDelegate.swift */ = {isa = PBXFileReference; lastKnownFileType = sourcecode.swift; path = AppDelegate.swift; sourceTree = "<group>"; };
		2BFAA7EA20E846A30001CD32 /* ViewController.swift */ = {isa = PBXFileReference; lastKnownFileType = sourcecode.swift; path = ViewController.swift; sourceTree = "<group>"; };
		2BFAA7ED20E846A30001CD32 /* Base */ = {isa = PBXFileReference; lastKnownFileType = file.storyboard; name = Base; path = Base.lproj/Main.storyboard; sourceTree = "<group>"; };
		2BFAA7EF20E846A40001CD32 /* Assets.xcassets */ = {isa = PBXFileReference; lastKnownFileType = folder.assetcatalog; path = Assets.xcassets; sourceTree = "<group>"; };
		2BFAA7F220E846A40001CD32 /* Base */ = {isa = PBXFileReference; lastKnownFileType = file.storyboard; name = Base; path = Base.lproj/LaunchScreen.storyboard; sourceTree = "<group>"; };
		2BFAA7F420E846A40001CD32 /* Info.plist */ = {isa = PBXFileReference; lastKnownFileType = text.plist.xml; path = Info.plist; sourceTree = "<group>"; };
		2BFAA7F920E846A40001CD32 /* You're Really Stupid AppUITests.xctest */ = {isa = PBXFileReference; explicitFileType = wrapper.cfbundle; includeInIndex = 0; path = "You're Really Stupid AppUITests.xctest"; sourceTree = BUILT_PRODUCTS_DIR; };
		2BFAA7FD20E846A40001CD32 /* You_re_Really_Stupid_AppUITests.swift */ = {isa = PBXFileReference; lastKnownFileType = sourcecode.swift; path = You_re_Really_Stupid_AppUITests.swift; sourceTree = "<group>"; };
		2BFAA7FF20E846A40001CD32 /* Info.plist */ = {isa = PBXFileReference; lastKnownFileType = text.plist.xml; path = Info.plist; sourceTree = "<group>"; };
		F25346B8212B933000E9CDA7 /* Disclaimer_ViewController.swift */ = {isa = PBXFileReference; lastKnownFileType = sourcecode.swift; path = Disclaimer_ViewController.swift; sourceTree = "<group>"; };
		F25346BA212B949500E9CDA7 /* About_Us_Viewcontroller.swift */ = {isa = PBXFileReference; lastKnownFileType = sourcecode.swift; path = About_Us_Viewcontroller.swift; sourceTree = "<group>"; };
		F25346BC212B94EE00E9CDA7 /* Options_ViewController.swift */ = {isa = PBXFileReference; lastKnownFileType = sourcecode.swift; path = Options_ViewController.swift; sourceTree = "<group>"; };
/* End PBXFileReference section */

/* Begin PBXFrameworksBuildPhase section */
		2BFAA7E220E846A30001CD32 /* Frameworks */ = {
			isa = PBXFrameworksBuildPhase;
			buildActionMask = 2147483647;
			files = (
			);
			runOnlyForDeploymentPostprocessing = 0;
		};
		2BFAA7F620E846A40001CD32 /* Frameworks */ = {
			isa = PBXFrameworksBuildPhase;
			buildActionMask = 2147483647;
			files = (
			);
			runOnlyForDeploymentPostprocessing = 0;
		};
/* End PBXFrameworksBuildPhase section */

/* Begin PBXGroup section */
		2BFAA7DC20E846A30001CD32 = {
			isa = PBXGroup;
			children = (
				2BFAA7E720E846A30001CD32 /* You're Really Stupid App */,
				2BFAA7FC20E846A40001CD32 /* You're Really Stupid AppUITests */,
				2BFAA7E620E846A30001CD32 /* Products */,
			);
			sourceTree = "<group>";
		};
		2BFAA7E620E846A30001CD32 /* Products */ = {
			isa = PBXGroup;
			children = (
				2BFAA7E520E846A30001CD32 /* You're Really Stupid App.app */,
				2BFAA7F920E846A40001CD32 /* You're Really Stupid AppUITests.xctest */,
			);
			name = Products;
			sourceTree = "<group>";
		};
		2BFAA7E720E846A30001CD32 /* You're Really Stupid App */ = {
			isa = PBXGroup;
			children = (
				2B57D1012123D47300891436 /* stupid.mp3 */,
				2B4742192105662200F99953 /* Button 3D Pressed.jpg */,
				2B4742172105661D00F99953 /* Button 3D Unpressed.jpg */,
				2B52A86F2116603F00104FBD /* Button 3D Unpressed 2.jpg */,
				2B52A86B21165DFF00104FBD /* Button 2D Unpressed 2.png */,
				2BFAA7E820E846A30001CD32 /* AppDelegate.swift */,
				2BFAA7EA20E846A30001CD32 /* ViewController.swift */,
				2BC90DF620F2DF2B00D97E70 /* PressMeButton.swift */,
				2BFAA7EC20E846A30001CD32 /* Main.storyboard */,
				F25346BC212B94EE00E9CDA7 /* Options_ViewController.swift */,
				F25346BA212B949500E9CDA7 /* About_Us_Viewcontroller.swift */,
				2BC90DF820F2E79400D97E70 /* SwitchDimButton.swift */,
				F25346B8212B933000E9CDA7 /* Disclaimer_ViewController.swift */,
				2BFAA7EF20E846A40001CD32 /* Assets.xcassets */,
				2BFAA7F120E846A40001CD32 /* LaunchScreen.storyboard */,
				2BFAA7F420E846A40001CD32 /* Info.plist */,
			);
			path = "You're Really Stupid App";
			sourceTree = "<group>";
		};
		2BFAA7FC20E846A40001CD32 /* You're Really Stupid AppUITests */ = {
			isa = PBXGroup;
			children = (
				2BFAA7FD20E846A40001CD32 /* You_re_Really_Stupid_AppUITests.swift */,
				2BFAA7FF20E846A40001CD32 /* Info.plist */,
			);
			path = "You're Really Stupid AppUITests";
			sourceTree = "<group>";
		};
/* End PBXGroup section */

/* Begin PBXNativeTarget section */
		2BFAA7E420E846A30001CD32 /* You're Really Stupid App */ = {
			isa = PBXNativeTarget;
			buildConfigurationList = 2BFAA80220E846A40001CD32 /* Build configuration list for PBXNativeTarget "You're Really Stupid App" */;
			buildPhases = (
				2BFAA7E120E846A30001CD32 /* Sources */,
				2BFAA7E220E846A30001CD32 /* Frameworks */,
				2BFAA7E320E846A30001CD32 /* Resources */,
			);
			buildRules = (
			);
			dependencies = (
			);
			name = "You're Really Stupid App";
			productName = "You're Really Stupid App";
			productReference = 2BFAA7E520E846A30001CD32 /* You're Really Stupid App.app */;
			productType = "com.apple.product-type.application";
		};
		2BFAA7F820E846A40001CD32 /* You're Really Stupid AppUITests */ = {
			isa = PBXNativeTarget;
			buildConfigurationList = 2BFAA80520E846A40001CD32 /* Build configuration list for PBXNativeTarget "You're Really Stupid AppUITests" */;
			buildPhases = (
				2BFAA7F520E846A40001CD32 /* Sources */,
				2BFAA7F620E846A40001CD32 /* Frameworks */,
				2BFAA7F720E846A40001CD32 /* Resources */,
			);
			buildRules = (
			);
			dependencies = (
				2BFAA7FB20E846A40001CD32 /* PBXTargetDependency */,
			);
			name = "You're Really Stupid AppUITests";
			productName = "You're Really Stupid AppUITests";
			productReference = 2BFAA7F920E846A40001CD32 /* You're Really Stupid AppUITests.xctest */;
			productType = "com.apple.product-type.bundle.ui-testing";
		};
/* End PBXNativeTarget section */

/* Begin PBXProject section */
		2BFAA7DD20E846A30001CD32 /* Project object */ = {
			isa = PBXProject;
			attributes = {
				LastSwiftUpdateCheck = 0940;
				LastUpgradeCheck = 0940;
				ORGANIZATIONNAME = "Warren Mui";
				TargetAttributes = {
					2BFAA7E420E846A30001CD32 = {
						CreatedOnToolsVersion = 9.4.1;
					};
					2BFAA7F820E846A40001CD32 = {
						CreatedOnToolsVersion = 9.4.1;
						TestTargetID = 2BFAA7E420E846A30001CD32;
					};
				};
			};
			buildConfigurationList = 2BFAA7E020E846A30001CD32 /* Build configuration list for PBXProject "You're Really Stupid App" */;
			compatibilityVersion = "Xcode 9.3";
			developmentRegion = en;
			hasScannedForEncodings = 0;
			knownRegions = (
				en,
				Base,
			);
			mainGroup = 2BFAA7DC20E846A30001CD32;
			productRefGroup = 2BFAA7E620E846A30001CD32 /* Products */;
			projectDirPath = "";
			projectRoot = "";
			targets = (
				2BFAA7E420E846A30001CD32 /* You're Really Stupid App */,
				2BFAA7F820E846A40001CD32 /* You're Really Stupid AppUITests */,
			);
		};
/* End PBXProject section */

/* Begin PBXResourcesBuildPhase section */
		2BFAA7E320E846A30001CD32 /* Resources */ = {
			isa = PBXResourcesBuildPhase;
			buildActionMask = 2147483647;
			files = (
				2BFAA7F320E846A40001CD32 /* LaunchScreen.storyboard in Resources */,
				2B57D1022123D47300891436 /* stupid.mp3 in Resources */,
				2BFAA7F020E846A40001CD32 /* Assets.xcassets in Resources */,
				2B52A86C21165E0000104FBD /* Button 2D Unpressed 2.png in Resources */,
				2B4742182105661D00F99953 /* Button 3D Unpressed.jpg in Resources */,
				2BFAA7EE20E846A30001CD32 /* Main.storyboard in Resources */,
				2B52A8702116603F00104FBD /* Button 3D Unpressed 2.jpg in Resources */,
				2B47421A2105662200F99953 /* Button 3D Pressed.jpg in Resources */,
			);
			runOnlyForDeploymentPostprocessing = 0;
		};
		2BFAA7F720E846A40001CD32 /* Resources */ = {
			isa = PBXResourcesBuildPhase;
			buildActionMask = 2147483647;
			files = (
			);
			runOnlyForDeploymentPostprocessing = 0;
		};
/* End PBXResourcesBuildPhase section */

/* Begin PBXSourcesBuildPhase section */
		2BFAA7E120E846A30001CD32 /* Sources */ = {
			isa = PBXSourcesBuildPhase;
			buildActionMask = 2147483647;
			files = (
				F25346BB212B949500E9CDA7 /* About_Us_Viewcontroller.swift in Sources */,
				F25346B9212B933000E9CDA7 /* Disclaimer_ViewController.swift in Sources */,
				2BC90DF920F2E79400D97E70 /* SwitchDimButton.swift in Sources */,
				2BFAA7EB20E846A30001CD32 /* ViewController.swift in Sources */,
				F25346BD212B94EE00E9CDA7 /* Options_ViewController.swift in Sources */,
				2BC90DF720F2DF2B00D97E70 /* PressMeButton.swift in Sources */,
				2BFAA7E920E846A30001CD32 /* AppDelegate.swift in Sources */,
			);
			runOnlyForDeploymentPostprocessing = 0;
		};
		2BFAA7F520E846A40001CD32 /* Sources */ = {
			isa = PBXSourcesBuildPhase;
			buildActionMask = 2147483647;
			files = (
				2BFAA7FE20E846A40001CD32 /* You_re_Really_Stupid_AppUITests.swift in Sources */,
			);
			runOnlyForDeploymentPostprocessing = 0;
		};
/* End PBXSourcesBuildPhase section */

/* Begin PBXTargetDependency section */
		2BFAA7FB20E846A40001CD32 /* PBXTargetDependency */ = {
			isa = PBXTargetDependency;
			target = 2BFAA7E420E846A30001CD32 /* You're Really Stupid App */;
			targetProxy = 2BFAA7FA20E846A40001CD32 /* PBXContainerItemProxy */;
		};
/* End PBXTargetDependency section */

/* Begin PBXVariantGroup section */
		2BFAA7EC20E846A30001CD32 /* Main.storyboard */ = {
			isa = PBXVariantGroup;
			children = (
				2BFAA7ED20E846A30001CD32 /* Base */,
			);
			name = Main.storyboard;
			sourceTree = "<group>";
		};
		2BFAA7F120E846A40001CD32 /* LaunchScreen.storyboard */ = {
			isa = PBXVariantGroup;
			children = (
				2BFAA7F220E846A40001CD32 /* Base */,
			);
			name = LaunchScreen.storyboard;
			sourceTree = "<group>";
		};
/* End PBXVariantGroup section */

/* Begin XCBuildConfiguration section */
		2BFAA80020E846A40001CD32 /* Debug */ = {
			isa = XCBuildConfiguration;
			buildSettings = {
				ALWAYS_SEARCH_USER_PATHS = NO;
				CLANG_ANALYZER_NONNULL = YES;
				CLANG_ANALYZER_NUMBER_OBJECT_CONVERSION = YES_AGGRESSIVE;
				CLANG_CXX_LANGUAGE_STANDARD = "gnu++14";
				CLANG_CXX_LIBRARY = "libc++";
				CLANG_ENABLE_MODULES = YES;
				CLANG_ENABLE_OBJC_ARC = YES;
				CLANG_ENABLE_OBJC_WEAK = YES;
				CLANG_WARN_BLOCK_CAPTURE_AUTORELEASING = YES;
				CLANG_WARN_BOOL_CONVERSION = YES;
				CLANG_WARN_COMMA = YES;
				CLANG_WARN_CONSTANT_CONVERSION = YES;
				CLANG_WARN_DEPRECATED_OBJC_IMPLEMENTATIONS = YES;
				CLANG_WARN_DIRECT_OBJC_ISA_USAGE = YES_ERROR;
				CLANG_WARN_DOCUMENTATION_COMMENTS = YES;
				CLANG_WARN_EMPTY_BODY = YES;
				CLANG_WARN_ENUM_CONVERSION = YES;
				CLANG_WARN_INFINITE_RECURSION = YES;
				CLANG_WARN_INT_CONVERSION = YES;
				CLANG_WARN_NON_LITERAL_NULL_CONVERSION = YES;
				CLANG_WARN_OBJC_IMPLICIT_RETAIN_SELF = YES;
				CLANG_WARN_OBJC_LITERAL_CONVERSION = YES;
				CLANG_WARN_OBJC_ROOT_CLASS = YES_ERROR;
				CLANG_WARN_RANGE_LOOP_ANALYSIS = YES;
				CLANG_WARN_STRICT_PROTOTYPES = YES;
				CLANG_WARN_SUSPICIOUS_MOVE = YES;
				CLANG_WARN_UNGUARDED_AVAILABILITY = YES_AGGRESSIVE;
				CLANG_WARN_UNREACHABLE_CODE = YES;
				CLANG_WARN__DUPLICATE_METHOD_MATCH = YES;
				CODE_SIGN_IDENTITY = "iPhone Developer";
				COPY_PHASE_STRIP = NO;
				DEBUG_INFORMATION_FORMAT = dwarf;
				ENABLE_STRICT_OBJC_MSGSEND = YES;
				ENABLE_TESTABILITY = YES;
				GCC_C_LANGUAGE_STANDARD = gnu11;
				GCC_DYNAMIC_NO_PIC = NO;
				GCC_NO_COMMON_BLOCKS = YES;
				GCC_OPTIMIZATION_LEVEL = 0;
				GCC_PREPROCESSOR_DEFINITIONS = (
					"DEBUG=1",
					"$(inherited)",
				);
				GCC_WARN_64_TO_32_BIT_CONVERSION = YES;
				GCC_WARN_ABOUT_RETURN_TYPE = YES_ERROR;
				GCC_WARN_UNDECLARED_SELECTOR = YES;
				GCC_WARN_UNINITIALIZED_AUTOS = YES_AGGRESSIVE;
				GCC_WARN_UNUSED_FUNCTION = YES;
				GCC_WARN_UNUSED_VARIABLE = YES;
				IPHONEOS_DEPLOYMENT_TARGET = 11.4;
				MTL_ENABLE_DEBUG_INFO = YES;
				ONLY_ACTIVE_ARCH = YES;
				SDKROOT = iphoneos;
				SWIFT_ACTIVE_COMPILATION_CONDITIONS = DEBUG;
				SWIFT_OPTIMIZATION_LEVEL = "-Onone";
			};
			name = Debug;
		};
		2BFAA80120E846A40001CD32 /* Release */ = {
			isa = XCBuildConfiguration;
			buildSettings = {
				ALWAYS_SEARCH_USER_PATHS = NO;
				CLANG_ANALYZER_NONNULL = YES;
				CLANG_ANALYZER_NUMBER_OBJECT_CONVERSION = YES_AGGRESSIVE;
				CLANG_CXX_LANGUAGE_STANDARD = "gnu++14";
				CLANG_CXX_LIBRARY = "libc++";
				CLANG_ENABLE_MODULES = YES;
				CLANG_ENABLE_OBJC_ARC = YES;
				CLANG_ENABLE_OBJC_WEAK = YES;
				CLANG_WARN_BLOCK_CAPTURE_AUTORELEASING = YES;
				CLANG_WARN_BOOL_CONVERSION = YES;
				CLANG_WARN_COMMA = YES;
				CLANG_WARN_CONSTANT_CONVERSION = YES;
				CLANG_WARN_DEPRECATED_OBJC_IMPLEMENTATIONS = YES;
				CLANG_WARN_DIRECT_OBJC_ISA_USAGE = YES_ERROR;
				CLANG_WARN_DOCUMENTATION_COMMENTS = YES;
				CLANG_WARN_EMPTY_BODY = YES;
				CLANG_WARN_ENUM_CONVERSION = YES;
				CLANG_WARN_INFINITE_RECURSION = YES;
				CLANG_WARN_INT_CONVERSION = YES;
				CLANG_WARN_NON_LITERAL_NULL_CONVERSION = YES;
				CLANG_WARN_OBJC_IMPLICIT_RETAIN_SELF = YES;
				CLANG_WARN_OBJC_LITERAL_CONVERSION = YES;
				CLANG_WARN_OBJC_ROOT_CLASS = YES_ERROR;
				CLANG_WARN_RANGE_LOOP_ANALYSIS = YES;
				CLANG_WARN_STRICT_PROTOTYPES = YES;
				CLANG_WARN_SUSPICIOUS_MOVE = YES;
				CLANG_WARN_UNGUARDED_AVAILABILITY = YES_AGGRESSIVE;
				CLANG_WARN_UNREACHABLE_CODE = YES;
				CLANG_WARN__DUPLICATE_METHOD_MATCH = YES;
				CODE_SIGN_IDENTITY = "iPhone Developer";
				COPY_PHASE_STRIP = NO;
				DEBUG_INFORMATION_FORMAT = "dwarf-with-dsym";
				ENABLE_NS_ASSERTIONS = NO;
				ENABLE_STRICT_OBJC_MSGSEND = YES;
				GCC_C_LANGUAGE_STANDARD = gnu11;
				GCC_NO_COMMON_BLOCKS = YES;
				GCC_WARN_64_TO_32_BIT_CONVERSION = YES;
				GCC_WARN_ABOUT_RETURN_TYPE = YES_ERROR;
				GCC_WARN_UNDECLARED_SELECTOR = YES;
				GCC_WARN_UNINITIALIZED_AUTOS = YES_AGGRESSIVE;
				GCC_WARN_UNUSED_FUNCTION = YES;
				GCC_WARN_UNUSED_VARIABLE = YES;
				IPHONEOS_DEPLOYMENT_TARGET = 11.4;
				MTL_ENABLE_DEBUG_INFO = NO;
				SDKROOT = iphoneos;
				SWIFT_COMPILATION_MODE = wholemodule;
				SWIFT_OPTIMIZATION_LEVEL = "-O";
				VALIDATE_PRODUCT = YES;
			};
			name = Release;
		};
		2BFAA80320E846A40001CD32 /* Debug */ = {
			isa = XCBuildConfiguration;
			buildSettings = {
				ASSETCATALOG_COMPILER_APPICON_NAME = AppIcon;
				CODE_SIGN_STYLE = Automatic;
				DEVELOPMENT_TEAM = Q7A8X746P5;
				INFOPLIST_FILE = "You're Really Stupid App/Info.plist";
				LD_RUNPATH_SEARCH_PATHS = (
					"$(inherited)",
					"@executable_path/Frameworks",
				);
				OTHER_SWIFT_FLAGS = "-DDEBUG_Options";
				"OTHER_SWIFT_FLAGS[arch=*]" = "-DDEBUG_Options";
				PRODUCT_BUNDLE_IDENTIFIER = "Team-Stupid.You-re-Really-Stupid-App";
				PRODUCT_NAME = "$(TARGET_NAME)";
				SWIFT_VERSION = 4.0;
				TARGETED_DEVICE_FAMILY = "1,2";
			};
			name = Debug;
		};
		2BFAA80420E846A40001CD32 /* Release */ = {
			isa = XCBuildConfiguration;
			buildSettings = {
				ASSETCATALOG_COMPILER_APPICON_NAME = AppIcon;
				CODE_SIGN_STYLE = Automatic;
				DEVELOPMENT_TEAM = Q7A8X746P5;
				INFOPLIST_FILE = "You're Really Stupid App/Info.plist";
				LD_RUNPATH_SEARCH_PATHS = (
					"$(inherited)",
					"@executable_path/Frameworks",
				);
				OTHER_SWIFT_FLAGS = "-DDEBUG_Options";
				PRODUCT_BUNDLE_IDENTIFIER = "Team-Stupid.You-re-Really-Stupid-App";
				PRODUCT_NAME = "$(TARGET_NAME)";
				SWIFT_VERSION = 4.0;
				TARGETED_DEVICE_FAMILY = "1,2";
			};
			name = Release;
		};
		2BFAA80620E846A40001CD32 /* Debug */ = {
			isa = XCBuildConfiguration;
			buildSettings = {
				ALWAYS_EMBED_SWIFT_STANDARD_LIBRARIES = YES;
				CODE_SIGN_STYLE = Automatic;
				DEVELOPMENT_TEAM = Q7A8X746P5;
				INFOPLIST_FILE = "You're Really Stupid AppUITests/Info.plist";
				LD_RUNPATH_SEARCH_PATHS = (
					"$(inherited)",
					"@executable_path/Frameworks",
					"@loader_path/Frameworks",
				);
				PRODUCT_BUNDLE_IDENTIFIER = "Team-Stupid.You-re-Really-Stupid-AppUITests";
				PRODUCT_NAME = "$(TARGET_NAME)";
				SWIFT_VERSION = 4.0;
				TARGETED_DEVICE_FAMILY = "1,2";
				TEST_TARGET_NAME = "You're Really Stupid App";
			};
			name = Debug;
		};
		2BFAA80720E846A40001CD32 /* Release */ = {
			isa = XCBuildConfiguration;
			buildSettings = {
				ALWAYS_EMBED_SWIFT_STANDARD_LIBRARIES = YES;
				CODE_SIGN_STYLE = Automatic;
				DEVELOPMENT_TEAM = Q7A8X746P5;
				INFOPLIST_FILE = "You're Really Stupid AppUITests/Info.plist";
				LD_RUNPATH_SEARCH_PATHS = (
					"$(inherited)",
					"@executable_path/Frameworks",
					"@loader_path/Frameworks",
				);
				PRODUCT_BUNDLE_IDENTIFIER = "Team-Stupid.You-re-Really-Stupid-AppUITests";
				PRODUCT_NAME = "$(TARGET_NAME)";
				SWIFT_VERSION = 4.0;
				TARGETED_DEVICE_FAMILY = "1,2";
				TEST_TARGET_NAME = "You're Really Stupid App";
			};
			name = Release;
		};
/* End XCBuildConfiguration section */

/* Begin XCConfigurationList section */
		2BFAA7E020E846A30001CD32 /* Build configuration list for PBXProject "You're Really Stupid App" */ = {
			isa = XCConfigurationList;
			buildConfigurations = (
				2BFAA80020E846A40001CD32 /* Debug */,
				2BFAA80120E846A40001CD32 /* Release */,
			);
			defaultConfigurationIsVisible = 0;
			defaultConfigurationName = Release;
		};
		2BFAA80220E846A40001CD32 /* Build configuration list for PBXNativeTarget "You're Really Stupid App" */ = {
			isa = XCConfigurationList;
			buildConfigurations = (
				2BFAA80320E846A40001CD32 /* Debug */,
				2BFAA80420E846A40001CD32 /* Release */,
			);
			defaultConfigurationIsVisible = 0;
			defaultConfigurationName = Release;
		};
		2BFAA80520E846A40001CD32 /* Build configuration list for PBXNativeTarget "You're Really Stupid AppUITests" */ = {
			isa = XCConfigurationList;
			buildConfigurations = (
				2BFAA80620E846A40001CD32 /* Debug */,
				2BFAA80720E846A40001CD32 /* Release */,
			);
			defaultConfigurationIsVisible = 0;
			defaultConfigurationName = Release;
		};
/* End XCConfigurationList section */
	};
	rootObject = 2BFAA7DD20E846A30001CD32 /* Project object */;
}
